
Microsoft Visual Studio Solution File, Format Version 12.00
# Visual Studio Version 17
VisualStudioVersion = 17.0.31903.59
MinimumVisualStudioVersion = 10.0.40219.1
Project("{2150E333-8FDC-42A3-9474-1A3956D46DE8}") = "src", "src", "{827E0CD3-B72D-47B6-A68D-7590B98EB39B}"
EndProject
Project("{FAE04EC0-301F-11D3-BF4B-00C04F79EFBC}") = "AcademicAssessment.Core", "src\AcademicAssessment.Core\AcademicAssessment.Core.csproj", "{50219A8F-E87A-481F-8F15-F9728434B0EE}"
EndProject
Project("{FAE04EC0-301F-11D3-BF4B-00C04F79EFBC}") = "AcademicAssessment.Infrastructure", "src\AcademicAssessment.Infrastructure\AcademicAssessment.Infrastructure.csproj", "{487DE4D1-81FF-46E8-AF88-E1A0F1520F64}"
EndProject
Project("{FAE04EC0-301F-11D3-BF4B-00C04F79EFBC}") = "AcademicAssessment.Agents", "src\AcademicAssessment.Agents\AcademicAssessment.Agents.csproj", "{687B3DC2-7294-4F26-9E7D-21D0569C9708}"
EndProject
Project("{FAE04EC0-301F-11D3-BF4B-00C04F79EFBC}") = "AcademicAssessment.Orchestration", "src\AcademicAssessment.Orchestration\AcademicAssessment.Orchestration.csproj", "{5C3B52C3-ACC2-441D-B3CE-E857FCC102CE}"
EndProject
Project("{FAE04EC0-301F-11D3-BF4B-00C04F79EFBC}") = "AcademicAssessment.Analytics", "src\AcademicAssessment.Analytics\AcademicAssessment.Analytics.csproj", "{0546D4AE-BA72-4788-967E-8F9BBCD86E69}"
EndProject
Project("{FAE04EC0-301F-11D3-BF4B-00C04F79EFBC}") = "AcademicAssessment.Web", "src\AcademicAssessment.Web\AcademicAssessment.Web.csproj", "{EE3077F4-0597-4383-835D-F7DBA114B8B4}"
EndProject
Project("{FAE04EC0-301F-11D3-BF4B-00C04F79EFBC}") = "AcademicAssessment.Dashboard", "src\AcademicAssessment.Dashboard\AcademicAssessment.Dashboard.csproj", "{CF796950-50A1-4204-ABF2-52825A46371F}"
EndProject
Project("{FAE04EC0-301F-11D3-BF4B-00C04F79EFBC}") = "AcademicAssessment.StudentApp", "src\AcademicAssessment.StudentApp\AcademicAssessment.StudentApp.csproj", "{936F6F53-E9D0-4CB1-B576-C3956B79568D}"
EndProject
Project("{2150E333-8FDC-42A3-9474-1A3956D46DE8}") = "tests", "tests", "{0AB3BF05-4346-4AA6-1389-037BE0695223}"
EndProject
Project("{FAE04EC0-301F-11D3-BF4B-00C04F79EFBC}") = "AcademicAssessment.Tests.Unit", "tests\AcademicAssessment.Tests.Unit\AcademicAssessment.Tests.Unit.csproj", "{1496FCA6-6380-497C-9572-1C07B55C8BE5}"
EndProject
Project("{FAE04EC0-301F-11D3-BF4B-00C04F79EFBC}") = "AcademicAssessment.Tests.Integration", "tests\AcademicAssessment.Tests.Integration\AcademicAssessment.Tests.Integration.csproj", "{02672C22-D331-4DC0-9D23-749AB5695FEB}"
EndProject
Project("{FAE04EC0-301F-11D3-BF4B-00C04F79EFBC}") = "AcademicAssessment.Tests.Performance", "tests\AcademicAssessment.Tests.Performance\AcademicAssessment.Tests.Performance.csproj", "{D6FE4A75-FD24-44C9-9AAE-A9CDEECC11EC}"
EndProject
Global
	GlobalSection(SolutionConfigurationPlatforms) = preSolution
		Debug|Any CPU = Debug|Any CPU
		Debug|x64 = Debug|x64
		Debug|x86 = Debug|x86
		Release|Any CPU = Release|Any CPU
		Release|x64 = Release|x64
		Release|x86 = Release|x86
	EndGlobalSection
	GlobalSection(ProjectConfigurationPlatforms) = postSolution
		{50219A8F-E87A-481F-8F15-F9728434B0EE}.Debug|Any CPU.ActiveCfg = Debug|Any CPU
		{50219A8F-E87A-481F-8F15-F9728434B0EE}.Debug|Any CPU.Build.0 = Debug|Any CPU
		{50219A8F-E87A-481F-8F15-F9728434B0EE}.Debug|x64.ActiveCfg = Debug|Any CPU
		{50219A8F-E87A-481F-8F15-F9728434B0EE}.Debug|x64.Build.0 = Debug|Any CPU
		{50219A8F-E87A-481F-8F15-F9728434B0EE}.Debug|x86.ActiveCfg = Debug|Any CPU
		{50219A8F-E87A-481F-8F15-F9728434B0EE}.Debug|x86.Build.0 = Debug|Any CPU
		{50219A8F-E87A-481F-8F15-F9728434B0EE}.Release|Any CPU.ActiveCfg = Release|Any CPU
		{50219A8F-E87A-481F-8F15-F9728434B0EE}.Release|Any CPU.Build.0 = Release|Any CPU
		{50219A8F-E87A-481F-8F15-F9728434B0EE}.Release|x64.ActiveCfg = Release|Any CPU
		{50219A8F-E87A-481F-8F15-F9728434B0EE}.Release|x64.Build.0 = Release|Any CPU
		{50219A8F-E87A-481F-8F15-F9728434B0EE}.Release|x86.ActiveCfg = Release|Any CPU
		{50219A8F-E87A-481F-8F15-F9728434B0EE}.Release|x86.Build.0 = Release|Any CPU
		{487DE4D1-81FF-46E8-AF88-E1A0F1520F64}.Debug|Any CPU.ActiveCfg = Debug|Any CPU
		{487DE4D1-81FF-46E8-AF88-E1A0F1520F64}.Debug|Any CPU.Build.0 = Debug|Any CPU
		{487DE4D1-81FF-46E8-AF88-E1A0F1520F64}.Debug|x64.ActiveCfg = Debug|Any CPU
		{487DE4D1-81FF-46E8-AF88-E1A0F1520F64}.Debug|x64.Build.0 = Debug|Any CPU
		{487DE4D1-81FF-46E8-AF88-E1A0F1520F64}.Debug|x86.ActiveCfg = Debug|Any CPU
		{487DE4D1-81FF-46E8-AF88-E1A0F1520F64}.Debug|x86.Build.0 = Debug|Any CPU
		{487DE4D1-81FF-46E8-AF88-E1A0F1520F64}.Release|Any CPU.ActiveCfg = Release|Any CPU
		{487DE4D1-81FF-46E8-AF88-E1A0F1520F64}.Release|Any CPU.Build.0 = Release|Any CPU
		{487DE4D1-81FF-46E8-AF88-E1A0F1520F64}.Release|x64.ActiveCfg = Release|Any CPU
		{487DE4D1-81FF-46E8-AF88-E1A0F1520F64}.Release|x64.Build.0 = Release|Any CPU
		{487DE4D1-81FF-46E8-AF88-E1A0F1520F64}.Release|x86.ActiveCfg = Release|Any CPU
		{487DE4D1-81FF-46E8-AF88-E1A0F1520F64}.Release|x86.Build.0 = Release|Any CPU
		{687B3DC2-7294-4F26-9E7D-21D0569C9708}.Debug|Any CPU.ActiveCfg = Debug|Any CPU
		{687B3DC2-7294-4F26-9E7D-21D0569C9708}.Debug|Any CPU.Build.0 = Debug|Any CPU
		{687B3DC2-7294-4F26-9E7D-21D0569C9708}.Debug|x64.ActiveCfg = Debug|Any CPU
		{687B3DC2-7294-4F26-9E7D-21D0569C9708}.Debug|x64.Build.0 = Debug|Any CPU
		{687B3DC2-7294-4F26-9E7D-21D0569C9708}.Debug|x86.ActiveCfg = Debug|Any CPU
		{687B3DC2-7294-4F26-9E7D-21D0569C9708}.Debug|x86.Build.0 = Debug|Any CPU
		{687B3DC2-7294-4F26-9E7D-21D0569C9708}.Release|Any CPU.ActiveCfg = Release|Any CPU
		{687B3DC2-7294-4F26-9E7D-21D0569C9708}.Release|Any CPU.Build.0 = Release|Any CPU
		{687B3DC2-7294-4F26-9E7D-21D0569C9708}.Release|x64.ActiveCfg = Release|Any CPU
		{687B3DC2-7294-4F26-9E7D-21D0569C9708}.Release|x64.Build.0 = Release|Any CPU
		{687B3DC2-7294-4F26-9E7D-21D0569C9708}.Release|x86.ActiveCfg = Release|Any CPU
		{687B3DC2-7294-4F26-9E7D-21D0569C9708}.Release|x86.Build.0 = Release|Any CPU
		{5C3B52C3-ACC2-441D-B3CE-E857FCC102CE}.Debug|Any CPU.ActiveCfg = Debug|Any CPU
		{5C3B52C3-ACC2-441D-B3CE-E857FCC102CE}.Debug|Any CPU.Build.0 = Debug|Any CPU
		{5C3B52C3-ACC2-441D-B3CE-E857FCC102CE}.Debug|x64.ActiveCfg = Debug|Any CPU
		{5C3B52C3-ACC2-441D-B3CE-E857FCC102CE}.Debug|x64.Build.0 = Debug|Any CPU
		{5C3B52C3-ACC2-441D-B3CE-E857FCC102CE}.Debug|x86.ActiveCfg = Debug|Any CPU
		{5C3B52C3-ACC2-441D-B3CE-E857FCC102CE}.Debug|x86.Build.0 = Debug|Any CPU
		{5C3B52C3-ACC2-441D-B3CE-E857FCC102CE}.Release|Any CPU.ActiveCfg = Release|Any CPU
		{5C3B52C3-ACC2-441D-B3CE-E857FCC102CE}.Release|Any CPU.Build.0 = Release|Any CPU
		{5C3B52C3-ACC2-441D-B3CE-E857FCC102CE}.Release|x64.ActiveCfg = Release|Any CPU
		{5C3B52C3-ACC2-441D-B3CE-E857FCC102CE}.Release|x64.Build.0 = Release|Any CPU
		{5C3B52C3-ACC2-441D-B3CE-E857FCC102CE}.Release|x86.ActiveCfg = Release|Any CPU
		{5C3B52C3-ACC2-441D-B3CE-E857FCC102CE}.Release|x86.Build.0 = Release|Any CPU
		{0546D4AE-BA72-4788-967E-8F9BBCD86E69}.Debug|Any CPU.ActiveCfg = Debug|Any CPU
		{0546D4AE-BA72-4788-967E-8F9BBCD86E69}.Debug|Any CPU.Build.0 = Debug|Any CPU
		{0546D4AE-BA72-4788-967E-8F9BBCD86E69}.Debug|x64.ActiveCfg = Debug|Any CPU
		{0546D4AE-BA72-4788-967E-8F9BBCD86E69}.Debug|x64.Build.0 = Debug|Any CPU
		{0546D4AE-BA72-4788-967E-8F9BBCD86E69}.Debug|x86.ActiveCfg = Debug|Any CPU
		{0546D4AE-BA72-4788-967E-8F9BBCD86E69}.Debug|x86.Build.0 = Debug|Any CPU
		{0546D4AE-BA72-4788-967E-8F9BBCD86E69}.Release|Any CPU.ActiveCfg = Release|Any CPU
		{0546D4AE-BA72-4788-967E-8F9BBCD86E69}.Release|Any CPU.Build.0 = Release|Any CPU
		{0546D4AE-BA72-4788-967E-8F9BBCD86E69}.Release|x64.ActiveCfg = Release|Any CPU
		{0546D4AE-BA72-4788-967E-8F9BBCD86E69}.Release|x64.Build.0 = Release|Any CPU
		{0546D4AE-BA72-4788-967E-8F9BBCD86E69}.Release|x86.ActiveCfg = Release|Any CPU
		{0546D4AE-BA72-4788-967E-8F9BBCD86E69}.Release|x86.Build.0 = Release|Any CPU
		{EE3077F4-0597-4383-835D-F7DBA114B8B4}.Debug|Any CPU.ActiveCfg = Debug|Any CPU
		{EE3077F4-0597-4383-835D-F7DBA114B8B4}.Debug|Any CPU.Build.0 = Debug|Any CPU
		{EE3077F4-0597-4383-835D-F7DBA114B8B4}.Debug|x64.ActiveCfg = Debug|Any CPU
		{EE3077F4-0597-4383-835D-F7DBA114B8B4}.Debug|x64.Build.0 = Debug|Any CPU
		{EE3077F4-0597-4383-835D-F7DBA114B8B4}.Debug|x86.ActiveCfg = Debug|Any CPU
		{EE3077F4-0597-4383-835D-F7DBA114B8B4}.Debug|x86.Build.0 = Debug|Any CPU
		{EE3077F4-0597-4383-835D-F7DBA114B8B4}.Release|Any CPU.ActiveCfg = Release|Any CPU
		{EE3077F4-0597-4383-835D-F7DBA114B8B4}.Release|Any CPU.Build.0 = Release|Any CPU
		{EE3077F4-0597-4383-835D-F7DBA114B8B4}.Release|x64.ActiveCfg = Release|Any CPU
		{EE3077F4-0597-4383-835D-F7DBA114B8B4}.Release|x64.Build.0 = Release|Any CPU
		{EE3077F4-0597-4383-835D-F7DBA114B8B4}.Release|x86.ActiveCfg = Release|Any CPU
		{EE3077F4-0597-4383-835D-F7DBA114B8B4}.Release|x86.Build.0 = Release|Any CPU
		{CF796950-50A1-4204-ABF2-52825A46371F}.Debug|Any CPU.ActiveCfg = Debug|Any CPU
		{CF796950-50A1-4204-ABF2-52825A46371F}.Debug|Any CPU.Build.0 = Debug|Any CPU
		{CF796950-50A1-4204-ABF2-52825A46371F}.Debug|x64.ActiveCfg = Debug|Any CPU
		{CF796950-50A1-4204-ABF2-52825A46371F}.Debug|x64.Build.0 = Debug|Any CPU
		{CF796950-50A1-4204-ABF2-52825A46371F}.Debug|x86.ActiveCfg = Debug|Any CPU
		{CF796950-50A1-4204-ABF2-52825A46371F}.Debug|x86.Build.0 = Debug|Any CPU
		{CF796950-50A1-4204-ABF2-52825A46371F}.Release|Any CPU.ActiveCfg = Release|Any CPU
		{CF796950-50A1-4204-ABF2-52825A46371F}.Release|Any CPU.Build.0 = Release|Any CPU
		{CF796950-50A1-4204-ABF2-52825A46371F}.Release|x64.ActiveCfg = Release|Any CPU
		{CF796950-50A1-4204-ABF2-52825A46371F}.Release|x64.Build.0 = Release|Any CPU
		{CF796950-50A1-4204-ABF2-52825A46371F}.Release|x86.ActiveCfg = Release|Any CPU
		{CF796950-50A1-4204-ABF2-52825A46371F}.Release|x86.Build.0 = Release|Any CPU
		{936F6F53-E9D0-4CB1-B576-C3956B79568D}.Debug|Any CPU.ActiveCfg = Debug|Any CPU
		{936F6F53-E9D0-4CB1-B576-C3956B79568D}.Debug|Any CPU.Build.0 = Debug|Any CPU
		{936F6F53-E9D0-4CB1-B576-C3956B79568D}.Debug|x64.ActiveCfg = Debug|Any CPU
		{936F6F53-E9D0-4CB1-B576-C3956B79568D}.Debug|x64.Build.0 = Debug|Any CPU
		{936F6F53-E9D0-4CB1-B576-C3956B79568D}.Debug|x86.ActiveCfg = Debug|Any CPU
		{936F6F53-E9D0-4CB1-B576-C3956B79568D}.Debug|x86.Build.0 = Debug|Any CPU
		{936F6F53-E9D0-4CB1-B576-C3956B79568D}.Release|Any CPU.ActiveCfg = Release|Any CPU
		{936F6F53-E9D0-4CB1-B576-C3956B79568D}.Release|Any CPU.Build.0 = Release|Any CPU
		{936F6F53-E9D0-4CB1-B576-C3956B79568D}.Release|x64.ActiveCfg = Release|Any CPU
		{936F6F53-E9D0-4CB1-B576-C3956B79568D}.Release|x64.Build.0 = Release|Any CPU
		{936F6F53-E9D0-4CB1-B576-C3956B79568D}.Release|x86.ActiveCfg = Release|Any CPU
		{936F6F53-E9D0-4CB1-B576-C3956B79568D}.Release|x86.Build.0 = Release|Any CPU
		{1496FCA6-6380-497C-9572-1C07B55C8BE5}.Debug|Any CPU.ActiveCfg = Debug|Any CPU
		{1496FCA6-6380-497C-9572-1C07B55C8BE5}.Debug|Any CPU.Build.0 = Debug|Any CPU
		{1496FCA6-6380-497C-9572-1C07B55C8BE5}.Debug|x64.ActiveCfg = Debug|Any CPU
		{1496FCA6-6380-497C-9572-1C07B55C8BE5}.Debug|x64.Build.0 = Debug|Any CPU
		{1496FCA6-6380-497C-9572-1C07B55C8BE5}.Debug|x86.ActiveCfg = Debug|Any CPU
		{1496FCA6-6380-497C-9572-1C07B55C8BE5}.Debug|x86.Build.0 = Debug|Any CPU
		{1496FCA6-6380-497C-9572-1C07B55C8BE5}.Release|Any CPU.ActiveCfg = Release|Any CPU
		{1496FCA6-6380-497C-9572-1C07B55C8BE5}.Release|Any CPU.Build.0 = Release|Any CPU
		{1496FCA6-6380-497C-9572-1C07B55C8BE5}.Release|x64.ActiveCfg = Release|Any CPU
		{1496FCA6-6380-497C-9572-1C07B55C8BE5}.Release|x64.Build.0 = Release|Any CPU
		{1496FCA6-6380-497C-9572-1C07B55C8BE5}.Release|x86.ActiveCfg = Release|Any CPU
		{1496FCA6-6380-497C-9572-1C07B55C8BE5}.Release|x86.Build.0 = Release|Any CPU
		{02672C22-D331-4DC0-9D23-749AB5695FEB}.Debug|Any CPU.ActiveCfg = Debug|Any CPU
		{02672C22-D331-4DC0-9D23-749AB5695FEB}.Debug|Any CPU.Build.0 = Debug|Any CPU
		{02672C22-D331-4DC0-9D23-749AB5695FEB}.Debug|x64.ActiveCfg = Debug|Any CPU
		{02672C22-D331-4DC0-9D23-749AB5695FEB}.Debug|x64.Build.0 = Debug|Any CPU
		{02672C22-D331-4DC0-9D23-749AB5695FEB}.Debug|x86.ActiveCfg = Debug|Any CPU
		{02672C22-D331-4DC0-9D23-749AB5695FEB}.Debug|x86.Build.0 = Debug|Any CPU
		{02672C22-D331-4DC0-9D23-749AB5695FEB}.Release|Any CPU.ActiveCfg = Release|Any CPU
		{02672C22-D331-4DC0-9D23-749AB5695FEB}.Release|Any CPU.Build.0 = Release|Any CPU
		{02672C22-D331-4DC0-9D23-749AB5695FEB}.Release|x64.ActiveCfg = Release|Any CPU
		{02672C22-D331-4DC0-9D23-749AB5695FEB}.Release|x64.Build.0 = Release|Any CPU
		{02672C22-D331-4DC0-9D23-749AB5695FEB}.Release|x86.ActiveCfg = Release|Any CPU
		{02672C22-D331-4DC0-9D23-749AB5695FEB}.Release|x86.Build.0 = Release|Any CPU
		{D6FE4A75-FD24-44C9-9AAE-A9CDEECC11EC}.Debug|Any CPU.ActiveCfg = Debug|Any CPU
		{D6FE4A75-FD24-44C9-9AAE-A9CDEECC11EC}.Debug|Any CPU.Build.0 = Debug|Any CPU
		{D6FE4A75-FD24-44C9-9AAE-A9CDEECC11EC}.Debug|x64.ActiveCfg = Debug|Any CPU
		{D6FE4A75-FD24-44C9-9AAE-A9CDEECC11EC}.Debug|x64.Build.0 = Debug|Any CPU
		{D6FE4A75-FD24-44C9-9AAE-A9CDEECC11EC}.Debug|x86.ActiveCfg = Debug|Any CPU
		{D6FE4A75-FD24-44C9-9AAE-A9CDEECC11EC}.Debug|x86.Build.0 = Debug|Any CPU
		{D6FE4A75-FD24-44C9-9AAE-A9CDEECC11EC}.Release|Any CPU.ActiveCfg = Release|Any CPU
		{D6FE4A75-FD24-44C9-9AAE-A9CDEECC11EC}.Release|Any CPU.Build.0 = Release|Any CPU
		{D6FE4A75-FD24-44C9-9AAE-A9CDEECC11EC}.Release|x64.ActiveCfg = Release|Any CPU
		{D6FE4A75-FD24-44C9-9AAE-A9CDEECC11EC}.Release|x64.Build.0 = Release|Any CPU
		{D6FE4A75-FD24-44C9-9AAE-A9CDEECC11EC}.Release|x86.ActiveCfg = Release|Any CPU
		{D6FE4A75-FD24-44C9-9AAE-A9CDEECC11EC}.Release|x86.Build.0 = Release|Any CPU
	EndGlobalSection
	GlobalSection(SolutionProperties) = preSolution
		HideSolutionNode = FALSE
	EndGlobalSection
	GlobalSection(NestedProjects) = preSolution
		{50219A8F-E87A-481F-8F15-F9728434B0EE} = {827E0CD3-B72D-47B6-A68D-7590B98EB39B}
		{487DE4D1-81FF-46E8-AF88-E1A0F1520F64} = {827E0CD3-B72D-47B6-A68D-7590B98EB39B}
		{687B3DC2-7294-4F26-9E7D-21D0569C9708} = {827E0CD3-B72D-47B6-A68D-7590B98EB39B}
		{5C3B52C3-ACC2-441D-B3CE-E857FCC102CE} = {827E0CD3-B72D-47B6-A68D-7590B98EB39B}
		{0546D4AE-BA72-4788-967E-8F9BBCD86E69} = {827E0CD3-B72D-47B6-A68D-7590B98EB39B}
		{EE3077F4-0597-4383-835D-F7DBA114B8B4} = {827E0CD3-B72D-47B6-A68D-7590B98EB39B}
		{CF796950-50A1-4204-ABF2-52825A46371F} = {827E0CD3-B72D-47B6-A68D-7590B98EB39B}
		{936F6F53-E9D0-4CB1-B576-C3956B79568D} = {827E0CD3-B72D-47B6-A68D-7590B98EB39B}
		{1496FCA6-6380-497C-9572-1C07B55C8BE5} = {0AB3BF05-4346-4AA6-1389-037BE0695223}
		{02672C22-D331-4DC0-9D23-749AB5695FEB} = {0AB3BF05-4346-4AA6-1389-037BE0695223}
		{D6FE4A75-FD24-44C9-9AAE-A9CDEECC11EC} = {0AB3BF05-4346-4AA6-1389-037BE0695223}
	EndGlobalSection
EndGlobal
